
Microsoft Visual Studio Solution File, Format Version 12.00
# Visual Studio 2013
VisualStudioVersion = 12.0.21005.1
MinimumVisualStudioVersion = 10.0.40219.1
Project("{FAE04EC0-301F-11D3-BF4B-00C04F79EFBC}") = "ElasticSearch_Redis_Mvc", "ElasticSearch_Redis_Mvc\ElasticSearch_Redis_Mvc.csproj", "{B17B80C4-5A99-40F8-96A8-0B8E222B2888}"
EndProject
Global
	GlobalSection(SolutionConfigurationPlatforms) = preSolution
		Debug|Any CPU = Debug|Any CPU
		Release|Any CPU = Release|Any CPU
	EndGlobalSection
	GlobalSection(ProjectConfigurationPlatforms) = postSolution
		{B17B80C4-5A99-40F8-96A8-0B8E222B2888}.Debug|Any CPU.ActiveCfg = Debug|Any CPU
		{B17B80C4-5A99-40F8-96A8-0B8E222B2888}.Debug|Any CPU.Build.0 = Debug|Any CPU
		{B17B80C4-5A99-40F8-96A8-0B8E222B2888}.Release|Any CPU.ActiveCfg = Release|Any CPU
		{B17B80C4-5A99-40F8-96A8-0B8E222B2888}.Release|Any CPU.Build.0 = Release|Any CPU
	EndGlobalSection
	GlobalSection(SolutionProperties) = preSolution
		HideSolutionNode = FALSE
	EndGlobalSection
EndGlobal
